Microsoft Visual Studio Solution File, Format Version 11.00
# Visual Studio 2008

Project("{C69B8C8B-7977-E113-5142-5FF58273A712}") = "GameJam02-03", "Assembly-CSharp-firstpass.csproj", "{A459C23F-CD7D-2B15-A4B5-337AB0E449D0}"
EndProject
Project("{C69B8C8B-7977-E113-5142-5FF58273A712}") = "GameJam02-03", "Assembly-CSharp.csproj", "{E8B12713-294C-5C39-F46C-6FE00CE97A75}"
EndProject
Project("{C69B8C8B-7977-E113-5142-5FF58273A712}") = "GameJam02-03", "Assembly-CSharp-Editor.csproj", "{25242B38-F7F7-632F-50D3-4E7F34644442}"
EndProject
Global
	GlobalSection(SolutionConfigurationPlatforms) = preSolution
		Debug|Any CPU = Debug|Any CPU
		Release|Any CPU = Release|Any CPU
	EndGlobalSection
	GlobalSection(ProjectConfigurationPlatforms) = postSolution
		{A459C23F-CD7D-2B15-A4B5-337AB0E449D0}.Debug|Any CPU.ActiveCfg = Debug|Any CPU
		{A459C23F-CD7D-2B15-A4B5-337AB0E449D0}.Debug|Any CPU.Build.0 = Debug|Any CPU
		{A459C23F-CD7D-2B15-A4B5-337AB0E449D0}.Release|Any CPU.ActiveCfg = Release|Any CPU
		{A459C23F-CD7D-2B15-A4B5-337AB0E449D0}.Release|Any CPU.Build.0 = Release|Any CPU
		{E8B12713-294C-5C39-F46C-6FE00CE97A75}.Debug|Any CPU.ActiveCfg = Debug|Any CPU
		{E8B12713-294C-5C39-F46C-6FE00CE97A75}.Debug|Any CPU.Build.0 = Debug|Any CPU
		{E8B12713-294C-5C39-F46C-6FE00CE97A75}.Release|Any CPU.ActiveCfg = Release|Any CPU
		{E8B12713-294C-5C39-F46C-6FE00CE97A75}.Release|Any CPU.Build.0 = Release|Any CPU
		{25242B38-F7F7-632F-50D3-4E7F34644442}.Debug|Any CPU.ActiveCfg = Debug|Any CPU
		{25242B38-F7F7-632F-50D3-4E7F34644442}.Debug|Any CPU.Build.0 = Debug|Any CPU
		{25242B38-F7F7-632F-50D3-4E7F34644442}.Release|Any CPU.ActiveCfg = Release|Any CPU
		{25242B38-F7F7-632F-50D3-4E7F34644442}.Release|Any CPU.Build.0 = Release|Any CPU
	EndGlobalSection
	GlobalSection(SolutionProperties) = preSolution
		HideSolutionNode = FALSE
	EndGlobalSection
	GlobalSection(MonoDevelopProperties) = preSolution
		StartupItem = Assembly-CSharp.csproj
	EndGlobalSection
EndGlobal
