
Microsoft Visual Studio Solution File, Format Version 12.00
# Visual Studio 2015
Project("{FAE04EC0-301F-11D3-BF4B-00C04F79EFBC}") = "GameJam02-03.CSharp.Plugins", "GameJam02-03.CSharp.Plugins.csproj", "{B85B6DF4-B804-7E2C-ECE2-3D283F0B4F72}"
EndProject
Project("{FAE04EC0-301F-11D3-BF4B-00C04F79EFBC}") = "GameJam02-03.CSharp", "GameJam02-03.CSharp.csproj", "{B064438D-1FFD-E04E-D267-72F4464EB106}"
EndProject
Project("{FAE04EC0-301F-11D3-BF4B-00C04F79EFBC}") = "GameJam02-03.CSharp.Editor", "GameJam02-03.CSharp.Editor.csproj", "{A1B62A67-382C-B9A3-9D98-29478538BE27}"
EndProject
Global
	GlobalSection(SolutionConfigurationPlatforms) = preSolution
		Debug|Any CPU = Debug|Any CPU
		Release|Any CPU = Release|Any CPU
	EndGlobalSection
	GlobalSection(ProjectConfigurationPlatforms) = postSolution
		{B85B6DF4-B804-7E2C-ECE2-3D283F0B4F72}.Debug|Any CPU.ActiveCfg = Debug|Any CPU
		{B85B6DF4-B804-7E2C-ECE2-3D283F0B4F72}.Debug|Any CPU.Build.0 = Debug|Any CPU
		{B85B6DF4-B804-7E2C-ECE2-3D283F0B4F72}.Release|Any CPU.ActiveCfg = Release|Any CPU
		{B85B6DF4-B804-7E2C-ECE2-3D283F0B4F72}.Release|Any CPU.Build.0 = Release|Any CPU
		{B064438D-1FFD-E04E-D267-72F4464EB106}.Debug|Any CPU.ActiveCfg = Debug|Any CPU
		{B064438D-1FFD-E04E-D267-72F4464EB106}.Debug|Any CPU.Build.0 = Debug|Any CPU
		{B064438D-1FFD-E04E-D267-72F4464EB106}.Release|Any CPU.ActiveCfg = Release|Any CPU
		{B064438D-1FFD-E04E-D267-72F4464EB106}.Release|Any CPU.Build.0 = Release|Any CPU
		{A1B62A67-382C-B9A3-9D98-29478538BE27}.Debug|Any CPU.ActiveCfg = Debug|Any CPU
		{A1B62A67-382C-B9A3-9D98-29478538BE27}.Debug|Any CPU.Build.0 = Debug|Any CPU
		{A1B62A67-382C-B9A3-9D98-29478538BE27}.Release|Any CPU.ActiveCfg = Release|Any CPU
		{A1B62A67-382C-B9A3-9D98-29478538BE27}.Release|Any CPU.Build.0 = Release|Any CPU
	EndGlobalSection
	GlobalSection(SolutionProperties) = preSolution
		HideSolutionNode = FALSE
	EndGlobalSection
EndGlobal
